// !$*UTF8*$!
{
	archiveVersion = 1;
	classes = {
	};
	objectVersion = 54;
	objects = {

/* Begin PBXBuildFile section */
		00E356F31AD99517003FC87E /* AppOnSideTests.m in Sources */ = {isa = PBXBuildFile; fileRef = 00E356F21AD99517003FC87E /* AppOnSideTests.m */; };
		0C80B921A6F3F58F76C31292 /* libPods-AppOnSide.a in Frameworks */ = {isa = PBXBuildFile; fileRef = 5DCACB8F33CDC322A6C60F78 /* libPods-AppOnSide.a */; };
		13B07FBC1A68108700A75B9A /* AppDelegate.mm in Sources */ = {isa = PBXBuildFile; fileRef = 13B07FB01A68108700A75B9A /* AppDelegate.mm */; };
		13B07FBF1A68108700A75B9A /* Images.xcassets in Resources */ = {isa = PBXBuildFile; fileRef = 13B07FB51A68108700A75B9A /* Images.xcassets */; };
		13B07FC11A68108700A75B9A /* main.m in Sources */ = {isa = PBXBuildFile; fileRef = 13B07FB71A68108700A75B9A /* main.m */; };
		7699B88040F8A987B510C191 /* libPods-AppOnSide-AppOnSideTests.a in Frameworks */ = {isa = PBXBuildFile; fileRef = 19F6CBCC0A4E27FBF8BF4A61 /* libPods-AppOnSide-AppOnSideTests.a */; };
		81AB9BB82411601600AC10FF /* LaunchScreen.storyboard in Resources */ = {isa = PBXBuildFile; fileRef = 81AB9BB72411601600AC10FF /* LaunchScreen.storyboard */; };
		1311D7C8E59B41BCAC9F403D /* fax.ttf in Resources */ = {isa = PBXBuildFile; fileRef = DA8C48C4FBC5489BA2CD3612 /* fax.ttf */; };
		2453CE1B768845FBADD54F29 /* MontserratAlternates-BlackItalic.ttf in Resources */ = {isa = PBXBuildFile; fileRef = 5E4D442AB35A48A9834FB2F5 /* MontserratAlternates-BlackItalic.ttf */; };
		43C7FF263212471A8A378717 /* MontserratAlternates-Bold.ttf in Resources */ = {isa = PBXBuildFile; fileRef = 301AF527F9BF40FD8605B683 /* MontserratAlternates-Bold.ttf */; };
		17956957F3C54E138BB299E9 /* MontserratAlternates-BoldItalic.ttf in Resources */ = {isa = PBXBuildFile; fileRef = 19366828C5B14E32BFB6698A /* MontserratAlternates-BoldItalic.ttf */; };
		C948124B764D46EE8F13B14A /* MontserratAlternates-ExtraBold.ttf in Resources */ = {isa = PBXBuildFile; fileRef = 5D7E59F309F84903B954BF69 /* MontserratAlternates-ExtraBold.ttf */; };
		0F58D590CF854C73AF666E26 /* MontserratAlternates-ExtraBoldItalic.ttf in Resources */ = {isa = PBXBuildFile; fileRef = 50FF312FBF954BB2B0DDCE8B /* MontserratAlternates-ExtraBoldItalic.ttf */; };
		CF9421E335E5476C8788D532 /* MontserratAlternates-ExtraLight.ttf in Resources */ = {isa = PBXBuildFile; fileRef = 52607578595C40B4B9D10176 /* MontserratAlternates-ExtraLight.ttf */; };
		D848459AB51042E695BC72D4 /* MontserratAlternates-ExtraLightItalic.ttf in Resources */ = {isa = PBXBuildFile; fileRef = F98C7EB70ACE4E8BA307EAEA /* MontserratAlternates-ExtraLightItalic.ttf */; };
		59C05186B23B43AD98207C7D /* MontserratAlternates-Italic.ttf in Resources */ = {isa = PBXBuildFile; fileRef = D071BFFF5E2047C083474507 /* MontserratAlternates-Italic.ttf */; };
		A909349E242E4F5B9C083B6C /* MontserratAlternates-Light.ttf in Resources */ = {isa = PBXBuildFile; fileRef = 39C318DC3B1B4441ADB5CF5C /* MontserratAlternates-Light.ttf */; };
		F08A2B44483B4179AFFBEA1F /* MontserratAlternates-LightItalic.ttf in Resources */ = {isa = PBXBuildFile; fileRef = A0149B0A0C7F4CD18942C7E4 /* MontserratAlternates-LightItalic.ttf */; };
		4DCCE722889B4937B6588E5F /* MontserratAlternates-Medium.ttf in Resources */ = {isa = PBXBuildFile; fileRef = FC7A1A1573924E8397799E96 /* MontserratAlternates-Medium.ttf */; };
		6C8EC8027DF4408C9B297928 /* MontserratAlternates-MediumItalic.ttf in Resources */ = {isa = PBXBuildFile; fileRef = F196BA18DC154F09A2CFAD7A /* MontserratAlternates-MediumItalic.ttf */; };
		402F12E862294E79AB00DD2F /* MontserratAlternates-Regular.ttf in Resources */ = {isa = PBXBuildFile; fileRef = FF24C032F7314BB0BBA03634 /* MontserratAlternates-Regular.ttf */; };
		02437C68C9E34C93A5B58E91 /* MontserratAlternates-SemiBold.ttf in Resources */ = {isa = PBXBuildFile; fileRef = 19C5AA4A57644408BEF6B2CE /* MontserratAlternates-SemiBold.ttf */; };
		FE3C5F692B534D7F87868AE9 /* MontserratAlternates-SemiBoldItalic.ttf in Resources */ = {isa = PBXBuildFile; fileRef = BB3FBC5F414446BF8FFDE79C /* MontserratAlternates-SemiBoldItalic.ttf */; };
		4C607A16F63F4CEDA83A6415 /* MontserratAlternates-Thin.ttf in Resources */ = {isa = PBXBuildFile; fileRef = 9BFF0027635141BCAA9F6C03 /* MontserratAlternates-Thin.ttf */; };
		D7C79D5624F741A1BBFE3769 /* MontserratAlternates-ThinItalic.ttf in Resources */ = {isa = PBXBuildFile; fileRef = CFDE309761AC484688D86712 /* MontserratAlternates-ThinItalic.ttf */; };
		806AB4B6D68C4807BB06C05C /* Montserrat-Black.ttf in Resources */ = {isa = PBXBuildFile; fileRef = 5F2111726A7643F981F79031 /* Montserrat-Black.ttf */; };
		EBB7AA9F7C4D48C39498276B /* Montserrat-BlackItalic.ttf in Resources */ = {isa = PBXBuildFile; fileRef = 46C930BA202549FD927B01B6 /* Montserrat-BlackItalic.ttf */; };
		8ECA0C9C171840D8AD40031A /* Montserrat-Bold.ttf in Resources */ = {isa = PBXBuildFile; fileRef = 80FA685AE7504B978FD9E14D /* Montserrat-Bold.ttf */; };
		09087A4C4A5C4574923A200C /* Montserrat-BoldItalic.ttf in Resources */ = {isa = PBXBuildFile; fileRef = 1706E002EEEF4DDFB0D2C9F2 /* Montserrat-BoldItalic.ttf */; };
		2A7B40317C4248F2A84CA935 /* Montserrat-ExtraBold.ttf in Resources */ = {isa = PBXBuildFile; fileRef = D70C0576B1FE4A64ABA9AC6B /* Montserrat-ExtraBold.ttf */; };
		35C1B8A33FB3434AB4301F66 /* Montserrat-ExtraBoldItalic.ttf in Resources */ = {isa = PBXBuildFile; fileRef = 392BD5F3DAAF4A3C8B81B23C /* Montserrat-ExtraBoldItalic.ttf */; };
		0A2BF86715004FFDB9178BEE /* Montserrat-ExtraLight.ttf in Resources */ = {isa = PBXBuildFile; fileRef = 3AF159807AAD407EB531FD95 /* Montserrat-ExtraLight.ttf */; };
		C9E1E6AD032649838096FFA9 /* Montserrat-ExtraLightItalic.ttf in Resources */ = {isa = PBXBuildFile; fileRef = 475C025A63F24AC2BABAA7FA /* Montserrat-ExtraLightItalic.ttf */; };
		938BBA2A7C034D0DAEB1EDFB /* Montserrat-Italic.ttf in Resources */ = {isa = PBXBuildFile; fileRef = 44F06639E1AF4CA692D67E25 /* Montserrat-Italic.ttf */; };
		730F38FF46BA4CE69F1E1307 /* Montserrat-Light.ttf in Resources */ = {isa = PBXBuildFile; fileRef = B3D540A68C9546FEA44F211D /* Montserrat-Light.ttf */; };
		148D6815AA3E421FAF22E7B9 /* Montserrat-LightItalic.ttf in Resources */ = {isa = PBXBuildFile; fileRef = 5FA6C2632AFD4BF1A4A8236B /* Montserrat-LightItalic.ttf */; };
		626B7791181B44BA94764AD4 /* Montserrat-Medium.ttf in Resources */ = {isa = PBXBuildFile; fileRef = AA5BCF7C400245499883E83E /* Montserrat-Medium.ttf */; };
		8E0D17E28028449DB5B160DD /* Montserrat-MediumItalic.ttf in Resources */ = {isa = PBXBuildFile; fileRef = 470FEA5AF04E46C6ADF78830 /* Montserrat-MediumItalic.ttf */; };
		F6EBD6FBA7274BCDBA94F4F9 /* Montserrat-Regular.ttf in Resources */ = {isa = PBXBuildFile; fileRef = A526E7D8A9E746FB8FADFB1C /* Montserrat-Regular.ttf */; };
		95E907150FC84603A176533C /* Montserrat-SemiBold.ttf in Resources */ = {isa = PBXBuildFile; fileRef = 1D4FE6FD7A554BBAB1AD220B /* Montserrat-SemiBold.ttf */; };
		E386B30B82984569BF22033C /* Montserrat-SemiBoldItalic.ttf in Resources */ = {isa = PBXBuildFile; fileRef = D37A45F014844A14AAC8608C /* Montserrat-SemiBoldItalic.ttf */; };
		A6E1EA2C06DF4EC89E1F2858 /* Montserrat-Thin.ttf in Resources */ = {isa = PBXBuildFile; fileRef = 1654AA937C864690AD52CA19 /* Montserrat-Thin.ttf */; };
		120E6CE643884BE086F9944F /* Montserrat-ThinItalic.ttf in Resources */ = {isa = PBXBuildFile; fileRef = 576530A07BB7424FBD374E99 /* Montserrat-ThinItalic.ttf */; };
/* End PBXBuildFile section */

/* Begin PBXContainerItemProxy section */
		00E356F41AD99517003FC87E /* PBXContainerItemProxy */ = {
			isa = PBXContainerItemProxy;
			containerPortal = 83CBB9F71A601CBA00E9B192 /* Project object */;
			proxyType = 1;
			remoteGlobalIDString = 13B07F861A680F5B00A75B9A;
			remoteInfo = AppOnSide;
		};
/* End PBXContainerItemProxy section */

/* Begin PBXFileReference section */
		00E356EE1AD99517003FC87E /* AppOnSideTests.xctest */ = {isa = PBXFileReference; explicitFileType = wrapper.cfbundle; includeInIndex = 0; path = AppOnSideTests.xctest; sourceTree = BUILT_PRODUCTS_DIR; };
		00E356F11AD99517003FC87E /* Info.plist */ = {isa = PBXFileReference; lastKnownFileType = text.plist.xml; path = Info.plist; sourceTree = "<group>"; };
		00E356F21AD99517003FC87E /* AppOnSideTests.m */ = {isa = PBXFileReference; lastKnownFileType = sourcecode.c.objc; path = AppOnSideTests.m; sourceTree = "<group>"; };
		13B07F961A680F5B00A75B9A /* AppOnSide.app */ = {isa = PBXFileReference; explicitFileType = wrapper.application; includeInIndex = 0; path = AppOnSide.app; sourceTree = BUILT_PRODUCTS_DIR; };
		13B07FAF1A68108700A75B9A /* AppDelegate.h */ = {isa = PBXFileReference; fileEncoding = 4; lastKnownFileType = sourcecode.c.h; name = AppDelegate.h; path = AppOnSide/AppDelegate.h; sourceTree = "<group>"; };
		13B07FB01A68108700A75B9A /* AppDelegate.mm */ = {isa = PBXFileReference; fileEncoding = 4; lastKnownFileType = sourcecode.cpp.objcpp; name = AppDelegate.mm; path = AppOnSide/AppDelegate.mm; sourceTree = "<group>"; };
		13B07FB51A68108700A75B9A /* Images.xcassets */ = {isa = PBXFileReference; lastKnownFileType = folder.assetcatalog; name = Images.xcassets; path = AppOnSide/Images.xcassets; sourceTree = "<group>"; };
		13B07FB61A68108700A75B9A /* Info.plist */ = {isa = PBXFileReference; fileEncoding = 4; lastKnownFileType = text.plist.xml; name = Info.plist; path = AppOnSide/Info.plist; sourceTree = "<group>"; };
		13B07FB71A68108700A75B9A /* main.m */ = {isa = PBXFileReference; fileEncoding = 4; lastKnownFileType = sourcecode.c.objc; name = main.m; path = AppOnSide/main.m; sourceTree = "<group>"; };
		19F6CBCC0A4E27FBF8BF4A61 /* libPods-AppOnSide-AppOnSideTests.a */ = {isa = PBXFileReference; explicitFileType = archive.ar; includeInIndex = 0; path = "libPods-AppOnSide-AppOnSideTests.a"; sourceTree = BUILT_PRODUCTS_DIR; };
		3B4392A12AC88292D35C810B /* Pods-AppOnSide.debug.xcconfig */ = {isa = PBXFileReference; includeInIndex = 1; lastKnownFileType = text.xcconfig; name = "Pods-AppOnSide.debug.xcconfig"; path = "Target Support Files/Pods-AppOnSide/Pods-AppOnSide.debug.xcconfig"; sourceTree = "<group>"; };
		5709B34CF0A7D63546082F79 /* Pods-AppOnSide.release.xcconfig */ = {isa = PBXFileReference; includeInIndex = 1; lastKnownFileType = text.xcconfig; name = "Pods-AppOnSide.release.xcconfig"; path = "Target Support Files/Pods-AppOnSide/Pods-AppOnSide.release.xcconfig"; sourceTree = "<group>"; };
		5B7EB9410499542E8C5724F5 /* Pods-AppOnSide-AppOnSideTests.debug.xcconfig */ = {isa = PBXFileReference; includeInIndex = 1; lastKnownFileType = text.xcconfig; name = "Pods-AppOnSide-AppOnSideTests.debug.xcconfig"; path = "Target Support Files/Pods-AppOnSide-AppOnSideTests/Pods-AppOnSide-AppOnSideTests.debug.xcconfig"; sourceTree = "<group>"; };
		5DCACB8F33CDC322A6C60F78 /* libPods-AppOnSide.a */ = {isa = PBXFileReference; explicitFileType = archive.ar; includeInIndex = 0; path = "libPods-AppOnSide.a"; sourceTree = BUILT_PRODUCTS_DIR; };
		81AB9BB72411601600AC10FF /* LaunchScreen.storyboard */ = {isa = PBXFileReference; fileEncoding = 4; lastKnownFileType = file.storyboard; name = LaunchScreen.storyboard; path = AppOnSide/LaunchScreen.storyboard; sourceTree = "<group>"; };
		89C6BE57DB24E9ADA2F236DE /* Pods-AppOnSide-AppOnSideTests.release.xcconfig */ = {isa = PBXFileReference; includeInIndex = 1; lastKnownFileType = text.xcconfig; name = "Pods-AppOnSide-AppOnSideTests.release.xcconfig"; path = "Target Support Files/Pods-AppOnSide-AppOnSideTests/Pods-AppOnSide-AppOnSideTests.release.xcconfig"; sourceTree = "<group>"; };
		ED297162215061F000B7C4FE /* JavaScriptCore.framework */ = {isa = PBXFileReference; lastKnownFileType = wrapper.framework; name = JavaScriptCore.framework; path = System/Library/Frameworks/JavaScriptCore.framework; sourceTree = SDKROOT; };
		DA8C48C4FBC5489BA2CD3612 /* fax.ttf */ = {isa = PBXFileReference; name = "fax.ttf"; path = "../assets/fonts/fax.ttf"; sourceTree = "<group>"; fileEncoding = undefined; lastKnownFileType = unknown; explicitFileType = undefined; includeInIndex = 0; };
		5E4D442AB35A48A9834FB2F5 /* MontserratAlternates-BlackItalic.ttf */ = {isa = PBXFileReference; name = "MontserratAlternates-BlackItalic.ttf"; path = "../assets/fonts/MontserratAlternates-BlackItalic.ttf"; sourceTree = "<group>"; fileEncoding = undefined; lastKnownFileType = unknown; explicitFileType = undefined; includeInIndex = 0; };
		301AF527F9BF40FD8605B683 /* MontserratAlternates-Bold.ttf */ = {isa = PBXFileReference; name = "MontserratAlternates-Bold.ttf"; path = "../assets/fonts/MontserratAlternates-Bold.ttf"; sourceTree = "<group>"; fileEncoding = undefined; lastKnownFileType = unknown; explicitFileType = undefined; includeInIndex = 0; };
		19366828C5B14E32BFB6698A /* MontserratAlternates-BoldItalic.ttf */ = {isa = PBXFileReference; name = "MontserratAlternates-BoldItalic.ttf"; path = "../assets/fonts/MontserratAlternates-BoldItalic.ttf"; sourceTree = "<group>"; fileEncoding = undefined; lastKnownFileType = unknown; explicitFileType = undefined; includeInIndex = 0; };
		5D7E59F309F84903B954BF69 /* MontserratAlternates-ExtraBold.ttf */ = {isa = PBXFileReference; name = "MontserratAlternates-ExtraBold.ttf"; path = "../assets/fonts/MontserratAlternates-ExtraBold.ttf"; sourceTree = "<group>"; fileEncoding = undefined; lastKnownFileType = unknown; explicitFileType = undefined; includeInIndex = 0; };
		50FF312FBF954BB2B0DDCE8B /* MontserratAlternates-ExtraBoldItalic.ttf */ = {isa = PBXFileReference; name = "MontserratAlternates-ExtraBoldItalic.ttf"; path = "../assets/fonts/MontserratAlternates-ExtraBoldItalic.ttf"; sourceTree = "<group>"; fileEncoding = undefined; lastKnownFileType = unknown; explicitFileType = undefined; includeInIndex = 0; };
		52607578595C40B4B9D10176 /* MontserratAlternates-ExtraLight.ttf */ = {isa = PBXFileReference; name = "MontserratAlternates-ExtraLight.ttf"; path = "../assets/fonts/MontserratAlternates-ExtraLight.ttf"; sourceTree = "<group>"; fileEncoding = undefined; lastKnownFileType = unknown; explicitFileType = undefined; includeInIndex = 0; };
		F98C7EB70ACE4E8BA307EAEA /* MontserratAlternates-ExtraLightItalic.ttf */ = {isa = PBXFileReference; name = "MontserratAlternates-ExtraLightItalic.ttf"; path = "../assets/fonts/MontserratAlternates-ExtraLightItalic.ttf"; sourceTree = "<group>"; fileEncoding = undefined; lastKnownFileType = unknown; explicitFileType = undefined; includeInIndex = 0; };
		D071BFFF5E2047C083474507 /* MontserratAlternates-Italic.ttf */ = {isa = PBXFileReference; name = "MontserratAlternates-Italic.ttf"; path = "../assets/fonts/MontserratAlternates-Italic.ttf"; sourceTree = "<group>"; fileEncoding = undefined; lastKnownFileType = unknown; explicitFileType = undefined; includeInIndex = 0; };
		39C318DC3B1B4441ADB5CF5C /* MontserratAlternates-Light.ttf */ = {isa = PBXFileReference; name = "MontserratAlternates-Light.ttf"; path = "../assets/fonts/MontserratAlternates-Light.ttf"; sourceTree = "<group>"; fileEncoding = undefined; lastKnownFileType = unknown; explicitFileType = undefined; includeInIndex = 0; };
		A0149B0A0C7F4CD18942C7E4 /* MontserratAlternates-LightItalic.ttf */ = {isa = PBXFileReference; name = "MontserratAlternates-LightItalic.ttf"; path = "../assets/fonts/MontserratAlternates-LightItalic.ttf"; sourceTree = "<group>"; fileEncoding = undefined; lastKnownFileType = unknown; explicitFileType = undefined; includeInIndex = 0; };
		FC7A1A1573924E8397799E96 /* MontserratAlternates-Medium.ttf */ = {isa = PBXFileReference; name = "MontserratAlternates-Medium.ttf"; path = "../assets/fonts/MontserratAlternates-Medium.ttf"; sourceTree = "<group>"; fileEncoding = undefined; lastKnownFileType = unknown; explicitFileType = undefined; includeInIndex = 0; };
		F196BA18DC154F09A2CFAD7A /* MontserratAlternates-MediumItalic.ttf */ = {isa = PBXFileReference; name = "MontserratAlternates-MediumItalic.ttf"; path = "../assets/fonts/MontserratAlternates-MediumItalic.ttf"; sourceTree = "<group>"; fileEncoding = undefined; lastKnownFileType = unknown; explicitFileType = undefined; includeInIndex = 0; };
		FF24C032F7314BB0BBA03634 /* MontserratAlternates-Regular.ttf */ = {isa = PBXFileReference; name = "MontserratAlternates-Regular.ttf"; path = "../assets/fonts/MontserratAlternates-Regular.ttf"; sourceTree = "<group>"; fileEncoding = undefined; lastKnownFileType = unknown; explicitFileType = undefined; includeInIndex = 0; };
		19C5AA4A57644408BEF6B2CE /* MontserratAlternates-SemiBold.ttf */ = {isa = PBXFileReference; name = "MontserratAlternates-SemiBold.ttf"; path = "../assets/fonts/MontserratAlternates-SemiBold.ttf"; sourceTree = "<group>"; fileEncoding = undefined; lastKnownFileType = unknown; explicitFileType = undefined; includeInIndex = 0; };
		BB3FBC5F414446BF8FFDE79C /* MontserratAlternates-SemiBoldItalic.ttf */ = {isa = PBXFileReference; name = "MontserratAlternates-SemiBoldItalic.ttf"; path = "../assets/fonts/MontserratAlternates-SemiBoldItalic.ttf"; sourceTree = "<group>"; fileEncoding = undefined; lastKnownFileType = unknown; explicitFileType = undefined; includeInIndex = 0; };
		9BFF0027635141BCAA9F6C03 /* MontserratAlternates-Thin.ttf */ = {isa = PBXFileReference; name = "MontserratAlternates-Thin.ttf"; path = "../assets/fonts/MontserratAlternates-Thin.ttf"; sourceTree = "<group>"; fileEncoding = undefined; lastKnownFileType = unknown; explicitFileType = undefined; includeInIndex = 0; };
		CFDE309761AC484688D86712 /* MontserratAlternates-ThinItalic.ttf */ = {isa = PBXFileReference; name = "MontserratAlternates-ThinItalic.ttf"; path = "../assets/fonts/MontserratAlternates-ThinItalic.ttf"; sourceTree = "<group>"; fileEncoding = undefined; lastKnownFileType = unknown; explicitFileType = undefined; includeInIndex = 0; };
		5F2111726A7643F981F79031 /* Montserrat-Black.ttf */ = {isa = PBXFileReference; name = "Montserrat-Black.ttf"; path = "../assets/fonts/Montserrat-Black.ttf"; sourceTree = "<group>"; fileEncoding = undefined; lastKnownFileType = unknown; explicitFileType = undefined; includeInIndex = 0; };
		46C930BA202549FD927B01B6 /* Montserrat-BlackItalic.ttf */ = {isa = PBXFileReference; name = "Montserrat-BlackItalic.ttf"; path = "../assets/fonts/Montserrat-BlackItalic.ttf"; sourceTree = "<group>"; fileEncoding = undefined; lastKnownFileType = unknown; explicitFileType = undefined; includeInIndex = 0; };
		80FA685AE7504B978FD9E14D /* Montserrat-Bold.ttf */ = {isa = PBXFileReference; name = "Montserrat-Bold.ttf"; path = "../assets/fonts/Montserrat-Bold.ttf"; sourceTree = "<group>"; fileEncoding = undefined; lastKnownFileType = unknown; explicitFileType = undefined; includeInIndex = 0; };
		1706E002EEEF4DDFB0D2C9F2 /* Montserrat-BoldItalic.ttf */ = {isa = PBXFileReference; name = "Montserrat-BoldItalic.ttf"; path = "../assets/fonts/Montserrat-BoldItalic.ttf"; sourceTree = "<group>"; fileEncoding = undefined; lastKnownFileType = unknown; explicitFileType = undefined; includeInIndex = 0; };
		D70C0576B1FE4A64ABA9AC6B /* Montserrat-ExtraBold.ttf */ = {isa = PBXFileReference; name = "Montserrat-ExtraBold.ttf"; path = "../assets/fonts/Montserrat-ExtraBold.ttf"; sourceTree = "<group>"; fileEncoding = undefined; lastKnownFileType = unknown; explicitFileType = undefined; includeInIndex = 0; };
		392BD5F3DAAF4A3C8B81B23C /* Montserrat-ExtraBoldItalic.ttf */ = {isa = PBXFileReference; name = "Montserrat-ExtraBoldItalic.ttf"; path = "../assets/fonts/Montserrat-ExtraBoldItalic.ttf"; sourceTree = "<group>"; fileEncoding = undefined; lastKnownFileType = unknown; explicitFileType = undefined; includeInIndex = 0; };
		3AF159807AAD407EB531FD95 /* Montserrat-ExtraLight.ttf */ = {isa = PBXFileReference; name = "Montserrat-ExtraLight.ttf"; path = "../assets/fonts/Montserrat-ExtraLight.ttf"; sourceTree = "<group>"; fileEncoding = undefined; lastKnownFileType = unknown; explicitFileType = undefined; includeInIndex = 0; };
		475C025A63F24AC2BABAA7FA /* Montserrat-ExtraLightItalic.ttf */ = {isa = PBXFileReference; name = "Montserrat-ExtraLightItalic.ttf"; path = "../assets/fonts/Montserrat-ExtraLightItalic.ttf"; sourceTree = "<group>"; fileEncoding = undefined; lastKnownFileType = unknown; explicitFileType = undefined; includeInIndex = 0; };
		44F06639E1AF4CA692D67E25 /* Montserrat-Italic.ttf */ = {isa = PBXFileReference; name = "Montserrat-Italic.ttf"; path = "../assets/fonts/Montserrat-Italic.ttf"; sourceTree = "<group>"; fileEncoding = undefined; lastKnownFileType = unknown; explicitFileType = undefined; includeInIndex = 0; };
		B3D540A68C9546FEA44F211D /* Montserrat-Light.ttf */ = {isa = PBXFileReference; name = "Montserrat-Light.ttf"; path = "../assets/fonts/Montserrat-Light.ttf"; sourceTree = "<group>"; fileEncoding = undefined; lastKnownFileType = unknown; explicitFileType = undefined; includeInIndex = 0; };
		5FA6C2632AFD4BF1A4A8236B /* Montserrat-LightItalic.ttf */ = {isa = PBXFileReference; name = "Montserrat-LightItalic.ttf"; path = "../assets/fonts/Montserrat-LightItalic.ttf"; sourceTree = "<group>"; fileEncoding = undefined; lastKnownFileType = unknown; explicitFileType = undefined; includeInIndex = 0; };
		AA5BCF7C400245499883E83E /* Montserrat-Medium.ttf */ = {isa = PBXFileReference; name = "Montserrat-Medium.ttf"; path = "../assets/fonts/Montserrat-Medium.ttf"; sourceTree = "<group>"; fileEncoding = undefined; lastKnownFileType = unknown; explicitFileType = undefined; includeInIndex = 0; };
		470FEA5AF04E46C6ADF78830 /* Montserrat-MediumItalic.ttf */ = {isa = PBXFileReference; name = "Montserrat-MediumItalic.ttf"; path = "../assets/fonts/Montserrat-MediumItalic.ttf"; sourceTree = "<group>"; fileEncoding = undefined; lastKnownFileType = unknown; explicitFileType = undefined; includeInIndex = 0; };
		A526E7D8A9E746FB8FADFB1C /* Montserrat-Regular.ttf */ = {isa = PBXFileReference; name = "Montserrat-Regular.ttf"; path = "../assets/fonts/Montserrat-Regular.ttf"; sourceTree = "<group>"; fileEncoding = undefined; lastKnownFileType = unknown; explicitFileType = undefined; includeInIndex = 0; };
		1D4FE6FD7A554BBAB1AD220B /* Montserrat-SemiBold.ttf */ = {isa = PBXFileReference; name = "Montserrat-SemiBold.ttf"; path = "../assets/fonts/Montserrat-SemiBold.ttf"; sourceTree = "<group>"; fileEncoding = undefined; lastKnownFileType = unknown; explicitFileType = undefined; includeInIndex = 0; };
		D37A45F014844A14AAC8608C /* Montserrat-SemiBoldItalic.ttf */ = {isa = PBXFileReference; name = "Montserrat-SemiBoldItalic.ttf"; path = "../assets/fonts/Montserrat-SemiBoldItalic.ttf"; sourceTree = "<group>"; fileEncoding = undefined; lastKnownFileType = unknown; explicitFileType = undefined; includeInIndex = 0; };
		1654AA937C864690AD52CA19 /* Montserrat-Thin.ttf */ = {isa = PBXFileReference; name = "Montserrat-Thin.ttf"; path = "../assets/fonts/Montserrat-Thin.ttf"; sourceTree = "<group>"; fileEncoding = undefined; lastKnownFileType = unknown; explicitFileType = undefined; includeInIndex = 0; };
		576530A07BB7424FBD374E99 /* Montserrat-ThinItalic.ttf */ = {isa = PBXFileReference; name = "Montserrat-ThinItalic.ttf"; path = "../assets/fonts/Montserrat-ThinItalic.ttf"; sourceTree = "<group>"; fileEncoding = undefined; lastKnownFileType = unknown; explicitFileType = undefined; includeInIndex = 0; };
/* End PBXFileReference section */

/* Begin PBXFrameworksBuildPhase section */
		00E356EB1AD99517003FC87E /* Frameworks */ = {
			isa = PBXFrameworksBuildPhase;
			buildActionMask = 2147483647;
			files = (
				7699B88040F8A987B510C191 /* libPods-AppOnSide-AppOnSideTests.a in Frameworks */,
			);
			runOnlyForDeploymentPostprocessing = 0;
		};
		13B07F8C1A680F5B00A75B9A /* Frameworks */ = {
			isa = PBXFrameworksBuildPhase;
			buildActionMask = 2147483647;
			files = (
				0C80B921A6F3F58F76C31292 /* libPods-AppOnSide.a in Frameworks */,
			);
			runOnlyForDeploymentPostprocessing = 0;
		};
/* End PBXFrameworksBuildPhase section */

/* Begin PBXGroup section */
		00E356EF1AD99517003FC87E /* AppOnSideTests */ = {
			isa = PBXGroup;
			children = (
				00E356F21AD99517003FC87E /* AppOnSideTests.m */,
				00E356F01AD99517003FC87E /* Supporting Files */,
			);
			path = AppOnSideTests;
			sourceTree = "<group>";
		};
		00E356F01AD99517003FC87E /* Supporting Files */ = {
			isa = PBXGroup;
			children = (
				00E356F11AD99517003FC87E /* Info.plist */,
			);
			name = "Supporting Files";
			sourceTree = "<group>";
		};
		13B07FAE1A68108700A75B9A /* AppOnSide */ = {
			isa = PBXGroup;
			children = (
				13B07FAF1A68108700A75B9A /* AppDelegate.h */,
				13B07FB01A68108700A75B9A /* AppDelegate.mm */,
				13B07FB51A68108700A75B9A /* Images.xcassets */,
				13B07FB61A68108700A75B9A /* Info.plist */,
				81AB9BB72411601600AC10FF /* LaunchScreen.storyboard */,
				13B07FB71A68108700A75B9A /* main.m */,
			);
			name = AppOnSide;
			sourceTree = "<group>";
		};
		2D16E6871FA4F8E400B85C8A /* Frameworks */ = {
			isa = PBXGroup;
			children = (
				ED297162215061F000B7C4FE /* JavaScriptCore.framework */,
				5DCACB8F33CDC322A6C60F78 /* libPods-AppOnSide.a */,
				19F6CBCC0A4E27FBF8BF4A61 /* libPods-AppOnSide-AppOnSideTests.a */,
			);
			name = Frameworks;
			sourceTree = "<group>";
		};
		832341AE1AAA6A7D00B99B32 /* Libraries */ = {
			isa = PBXGroup;
			children = (
			);
			name = Libraries;
			sourceTree = "<group>";
		};
		83CBB9F61A601CBA00E9B192 = {
			isa = PBXGroup;
			children = (
				13B07FAE1A68108700A75B9A /* AppOnSide */,
				832341AE1AAA6A7D00B99B32 /* Libraries */,
				00E356EF1AD99517003FC87E /* AppOnSideTests */,
				83CBBA001A601CBA00E9B192 /* Products */,
				2D16E6871FA4F8E400B85C8A /* Frameworks */,
				BBD78D7AC51CEA395F1C20DB /* Pods */,
				F18B9A61473D46328F1A059E /* Resources */,
			);
			indentWidth = 2;
			sourceTree = "<group>";
			tabWidth = 2;
			usesTabs = 0;
		};
		83CBBA001A601CBA00E9B192 /* Products */ = {
			isa = PBXGroup;
			children = (
				13B07F961A680F5B00A75B9A /* AppOnSide.app */,
				00E356EE1AD99517003FC87E /* AppOnSideTests.xctest */,
			);
			name = Products;
			sourceTree = "<group>";
		};
		BBD78D7AC51CEA395F1C20DB /* Pods */ = {
			isa = PBXGroup;
			children = (
				3B4392A12AC88292D35C810B /* Pods-AppOnSide.debug.xcconfig */,
				5709B34CF0A7D63546082F79 /* Pods-AppOnSide.release.xcconfig */,
				5B7EB9410499542E8C5724F5 /* Pods-AppOnSide-AppOnSideTests.debug.xcconfig */,
				89C6BE57DB24E9ADA2F236DE /* Pods-AppOnSide-AppOnSideTests.release.xcconfig */,
			);
			path = Pods;
			sourceTree = "<group>";
		};
		F18B9A61473D46328F1A059E /* Resources */ = {
			isa = "PBXGroup";
			children = (
				DA8C48C4FBC5489BA2CD3612 /* fax.ttf */,
				5E4D442AB35A48A9834FB2F5 /* MontserratAlternates-BlackItalic.ttf */,
				301AF527F9BF40FD8605B683 /* MontserratAlternates-Bold.ttf */,
				19366828C5B14E32BFB6698A /* MontserratAlternates-BoldItalic.ttf */,
				5D7E59F309F84903B954BF69 /* MontserratAlternates-ExtraBold.ttf */,
				50FF312FBF954BB2B0DDCE8B /* MontserratAlternates-ExtraBoldItalic.ttf */,
				52607578595C40B4B9D10176 /* MontserratAlternates-ExtraLight.ttf */,
				F98C7EB70ACE4E8BA307EAEA /* MontserratAlternates-ExtraLightItalic.ttf */,
				D071BFFF5E2047C083474507 /* MontserratAlternates-Italic.ttf */,
				39C318DC3B1B4441ADB5CF5C /* MontserratAlternates-Light.ttf */,
				A0149B0A0C7F4CD18942C7E4 /* MontserratAlternates-LightItalic.ttf */,
				FC7A1A1573924E8397799E96 /* MontserratAlternates-Medium.ttf */,
				F196BA18DC154F09A2CFAD7A /* MontserratAlternates-MediumItalic.ttf */,
				FF24C032F7314BB0BBA03634 /* MontserratAlternates-Regular.ttf */,
				19C5AA4A57644408BEF6B2CE /* MontserratAlternates-SemiBold.ttf */,
				BB3FBC5F414446BF8FFDE79C /* MontserratAlternates-SemiBoldItalic.ttf */,
				9BFF0027635141BCAA9F6C03 /* MontserratAlternates-Thin.ttf */,
				CFDE309761AC484688D86712 /* MontserratAlternates-ThinItalic.ttf */,
				5F2111726A7643F981F79031 /* Montserrat-Black.ttf */,
				46C930BA202549FD927B01B6 /* Montserrat-BlackItalic.ttf */,
				80FA685AE7504B978FD9E14D /* Montserrat-Bold.ttf */,
				1706E002EEEF4DDFB0D2C9F2 /* Montserrat-BoldItalic.ttf */,
				D70C0576B1FE4A64ABA9AC6B /* Montserrat-ExtraBold.ttf */,
				392BD5F3DAAF4A3C8B81B23C /* Montserrat-ExtraBoldItalic.ttf */,
				3AF159807AAD407EB531FD95 /* Montserrat-ExtraLight.ttf */,
				475C025A63F24AC2BABAA7FA /* Montserrat-ExtraLightItalic.ttf */,
				44F06639E1AF4CA692D67E25 /* Montserrat-Italic.ttf */,
				B3D540A68C9546FEA44F211D /* Montserrat-Light.ttf */,
				5FA6C2632AFD4BF1A4A8236B /* Montserrat-LightItalic.ttf */,
				AA5BCF7C400245499883E83E /* Montserrat-Medium.ttf */,
				470FEA5AF04E46C6ADF78830 /* Montserrat-MediumItalic.ttf */,
				A526E7D8A9E746FB8FADFB1C /* Montserrat-Regular.ttf */,
				1D4FE6FD7A554BBAB1AD220B /* Montserrat-SemiBold.ttf */,
				D37A45F014844A14AAC8608C /* Montserrat-SemiBoldItalic.ttf */,
				1654AA937C864690AD52CA19 /* Montserrat-Thin.ttf */,
				576530A07BB7424FBD374E99 /* Montserrat-ThinItalic.ttf */,
			);
			name = Resources;
			sourceTree = "<group>";
			path = "";
		};
/* End PBXGroup section */

/* Begin PBXNativeTarget section */
		00E356ED1AD99517003FC87E /* AppOnSideTests */ = {
			isa = PBXNativeTarget;
			buildConfigurationList = 00E357021AD99517003FC87E /* Build configuration list for PBXNativeTarget "AppOnSideTests" */;
			buildPhases = (
				A55EABD7B0C7F3A422A6CC61 /* [CP] Check Pods Manifest.lock */,
				00E356EA1AD99517003FC87E /* Sources */,
				00E356EB1AD99517003FC87E /* Frameworks */,
				00E356EC1AD99517003FC87E /* Resources */,
				C59DA0FBD6956966B86A3779 /* [CP] Embed Pods Frameworks */,
				F6A41C54EA430FDDC6A6ED99 /* [CP] Copy Pods Resources */,
			);
			buildRules = (
			);
			dependencies = (
				00E356F51AD99517003FC87E /* PBXTargetDependency */,
			);
			name = AppOnSideTests;
			productName = AppOnSideTests;
			productReference = 00E356EE1AD99517003FC87E /* AppOnSideTests.xctest */;
			productType = "com.apple.product-type.bundle.unit-test";
		};
		13B07F861A680F5B00A75B9A /* AppOnSide */ = {
			isa = PBXNativeTarget;
			buildConfigurationList = 13B07F931A680F5B00A75B9A /* Build configuration list for PBXNativeTarget "AppOnSide" */;
			buildPhases = (
				C38B50BA6285516D6DCD4F65 /* [CP] Check Pods Manifest.lock */,
				FD10A7F022414F080027D42C /* Start Packager */,
				13B07F871A680F5B00A75B9A /* Sources */,
				13B07F8C1A680F5B00A75B9A /* Frameworks */,
				13B07F8E1A680F5B00A75B9A /* Resources */,
				00DD1BFF1BD5951E006B06BC /* Bundle React Native code and images */,
				00EEFC60759A1932668264C0 /* [CP] Embed Pods Frameworks */,
				E235C05ADACE081382539298 /* [CP] Copy Pods Resources */,
			);
			buildRules = (
			);
			dependencies = (
			);
			name = AppOnSide;
			productName = AppOnSide;
			productReference = 13B07F961A680F5B00A75B9A /* AppOnSide.app */;
			productType = "com.apple.product-type.application";
		};
/* End PBXNativeTarget section */

/* Begin PBXProject section */
		83CBB9F71A601CBA00E9B192 /* Project object */ = {
			isa = PBXProject;
			attributes = {
				LastUpgradeCheck = 1210;
				TargetAttributes = {
					00E356ED1AD99517003FC87E = {
						CreatedOnToolsVersion = 6.2;
						TestTargetID = 13B07F861A680F5B00A75B9A;
					};
					13B07F861A680F5B00A75B9A = {
						LastSwiftMigration = 1120;
					};
				};
			};
			buildConfigurationList = 83CBB9FA1A601CBA00E9B192 /* Build configuration list for PBXProject "AppOnSide" */;
			compatibilityVersion = "Xcode 12.0";
			developmentRegion = en;
			hasScannedForEncodings = 0;
			knownRegions = (
				en,
				Base,
			);
			mainGroup = 83CBB9F61A601CBA00E9B192;
			productRefGroup = 83CBBA001A601CBA00E9B192 /* Products */;
			projectDirPath = "";
			projectRoot = "";
			targets = (
				13B07F861A680F5B00A75B9A /* AppOnSide */,
				00E356ED1AD99517003FC87E /* AppOnSideTests */,
			);
		};
/* End PBXProject section */

/* Begin PBXResourcesBuildPhase section */
		00E356EC1AD99517003FC87E /* Resources */ = {
			isa = PBXResourcesBuildPhase;
			buildActionMask = 2147483647;
			files = (
			);
			runOnlyForDeploymentPostprocessing = 0;
		};
		13B07F8E1A680F5B00A75B9A /* Resources */ = {
			isa = PBXResourcesBuildPhase;
			buildActionMask = 2147483647;
			files = (
				81AB9BB82411601600AC10FF /* LaunchScreen.storyboard in Resources */,
				13B07FBF1A68108700A75B9A /* Images.xcassets in Resources */,
				1311D7C8E59B41BCAC9F403D /* fax.ttf in Resources */,
				2453CE1B768845FBADD54F29 /* MontserratAlternates-BlackItalic.ttf in Resources */,
				43C7FF263212471A8A378717 /* MontserratAlternates-Bold.ttf in Resources */,
				17956957F3C54E138BB299E9 /* MontserratAlternates-BoldItalic.ttf in Resources */,
				C948124B764D46EE8F13B14A /* MontserratAlternates-ExtraBold.ttf in Resources */,
				0F58D590CF854C73AF666E26 /* MontserratAlternates-ExtraBoldItalic.ttf in Resources */,
				CF9421E335E5476C8788D532 /* MontserratAlternates-ExtraLight.ttf in Resources */,
				D848459AB51042E695BC72D4 /* MontserratAlternates-ExtraLightItalic.ttf in Resources */,
				59C05186B23B43AD98207C7D /* MontserratAlternates-Italic.ttf in Resources */,
				A909349E242E4F5B9C083B6C /* MontserratAlternates-Light.ttf in Resources */,
				F08A2B44483B4179AFFBEA1F /* MontserratAlternates-LightItalic.ttf in Resources */,
				4DCCE722889B4937B6588E5F /* MontserratAlternates-Medium.ttf in Resources */,
				6C8EC8027DF4408C9B297928 /* MontserratAlternates-MediumItalic.ttf in Resources */,
				402F12E862294E79AB00DD2F /* MontserratAlternates-Regular.ttf in Resources */,
				02437C68C9E34C93A5B58E91 /* MontserratAlternates-SemiBold.ttf in Resources */,
				FE3C5F692B534D7F87868AE9 /* MontserratAlternates-SemiBoldItalic.ttf in Resources */,
				4C607A16F63F4CEDA83A6415 /* MontserratAlternates-Thin.ttf in Resources */,
				D7C79D5624F741A1BBFE3769 /* MontserratAlternates-ThinItalic.ttf in Resources */,
				806AB4B6D68C4807BB06C05C /* Montserrat-Black.ttf in Resources */,
				EBB7AA9F7C4D48C39498276B /* Montserrat-BlackItalic.ttf in Resources */,
				8ECA0C9C171840D8AD40031A /* Montserrat-Bold.ttf in Resources */,
				09087A4C4A5C4574923A200C /* Montserrat-BoldItalic.ttf in Resources */,
				2A7B40317C4248F2A84CA935 /* Montserrat-ExtraBold.ttf in Resources */,
				35C1B8A33FB3434AB4301F66 /* Montserrat-ExtraBoldItalic.ttf in Resources */,
				0A2BF86715004FFDB9178BEE /* Montserrat-ExtraLight.ttf in Resources */,
				C9E1E6AD032649838096FFA9 /* Montserrat-ExtraLightItalic.ttf in Resources */,
				938BBA2A7C034D0DAEB1EDFB /* Montserrat-Italic.ttf in Resources */,
				730F38FF46BA4CE69F1E1307 /* Montserrat-Light.ttf in Resources */,
				148D6815AA3E421FAF22E7B9 /* Montserrat-LightItalic.ttf in Resources */,
				626B7791181B44BA94764AD4 /* Montserrat-Medium.ttf in Resources */,
				8E0D17E28028449DB5B160DD /* Montserrat-MediumItalic.ttf in Resources */,
				F6EBD6FBA7274BCDBA94F4F9 /* Montserrat-Regular.ttf in Resources */,
				95E907150FC84603A176533C /* Montserrat-SemiBold.ttf in Resources */,
				E386B30B82984569BF22033C /* Montserrat-SemiBoldItalic.ttf in Resources */,
				A6E1EA2C06DF4EC89E1F2858 /* Montserrat-Thin.ttf in Resources */,
				120E6CE643884BE086F9944F /* Montserrat-ThinItalic.ttf in Resources */,
			);
			runOnlyForDeploymentPostprocessing = 0;
		};
/* End PBXResourcesBuildPhase section */

/* Begin PBXShellScriptBuildPhase section */
		00DD1BFF1BD5951E006B06BC /* Bundle React Native code and images */ = {
			isa = PBXShellScriptBuildPhase;
			buildActionMask = 2147483647;
			files = (
			);
			inputPaths = (
				"$(SRCROOT)/.xcode.env.local",
				"$(SRCROOT)/.xcode.env",
			);
			name = "Bundle React Native code and images";
			outputPaths = (
			);
			runOnlyForDeploymentPostprocessing = 0;
			shellPath = /bin/sh;
			shellScript = "set -e\n\nWITH_ENVIRONMENT=\"../node_modules/react-native/scripts/xcode/with-environment.sh\"\nREACT_NATIVE_XCODE=\"../node_modules/react-native/scripts/react-native-xcode.sh\"\n\n/bin/sh -c \"$WITH_ENVIRONMENT $REACT_NATIVE_XCODE\"\n";
		};
		00EEFC60759A1932668264C0 /* [CP] Embed Pods Frameworks */ = {
			isa = PBXShellScriptBuildPhase;
			buildActionMask = 2147483647;
			files = (
			);
			inputFileListPaths = (
				"${PODS_ROOT}/Target Support Files/Pods-AppOnSide/Pods-AppOnSide-frameworks-${CONFIGURATION}-input-files.xcfilelist",
			);
			name = "[CP] Embed Pods Frameworks";
			outputFileListPaths = (
				"${PODS_ROOT}/Target Support Files/Pods-AppOnSide/Pods-AppOnSide-frameworks-${CONFIGURATION}-output-files.xcfilelist",
			);
			runOnlyForDeploymentPostprocessing = 0;
			shellPath = /bin/sh;
			shellScript = "\"${PODS_ROOT}/Target Support Files/Pods-AppOnSide/Pods-AppOnSide-frameworks.sh\"\n";
			showEnvVarsInLog = 0;
		};
		A55EABD7B0C7F3A422A6CC61 /* [CP] Check Pods Manifest.lock */ = {
			isa = PBXShellScriptBuildPhase;
			buildActionMask = 2147483647;
			files = (
			);
			inputFileListPaths = (
			);
			inputPaths = (
				"${PODS_PODFILE_DIR_PATH}/Podfile.lock",
				"${PODS_ROOT}/Manifest.lock",
			);
			name = "[CP] Check Pods Manifest.lock";
			outputFileListPaths = (
			);
			outputPaths = (
				"$(DERIVED_FILE_DIR)/Pods-AppOnSide-AppOnSideTests-checkManifestLockResult.txt",
			);
			runOnlyForDeploymentPostprocessing = 0;
			shellPath = /bin/sh;
			shellScript = "diff \"${PODS_PODFILE_DIR_PATH}/Podfile.lock\" \"${PODS_ROOT}/Manifest.lock\" > /dev/null\nif [ $? != 0 ] ; then\n    # print error to STDERR\n    echo \"error: The sandbox is not in sync with the Podfile.lock. Run 'pod install' or update your CocoaPods installation.\" >&2\n    exit 1\nfi\n# This output is used by Xcode 'outputs' to avoid re-running this script phase.\necho \"SUCCESS\" > \"${SCRIPT_OUTPUT_FILE_0}\"\n";
			showEnvVarsInLog = 0;
		};
		C38B50BA6285516D6DCD4F65 /* [CP] Check Pods Manifest.lock */ = {
			isa = PBXShellScriptBuildPhase;
			buildActionMask = 2147483647;
			files = (
			);
			inputFileListPaths = (
			);
			inputPaths = (
				"${PODS_PODFILE_DIR_PATH}/Podfile.lock",
				"${PODS_ROOT}/Manifest.lock",
			);
			name = "[CP] Check Pods Manifest.lock";
			outputFileListPaths = (
			);
			outputPaths = (
				"$(DERIVED_FILE_DIR)/Pods-AppOnSide-checkManifestLockResult.txt",
			);
			runOnlyForDeploymentPostprocessing = 0;
			shellPath = /bin/sh;
			shellScript = "diff \"${PODS_PODFILE_DIR_PATH}/Podfile.lock\" \"${PODS_ROOT}/Manifest.lock\" > /dev/null\nif [ $? != 0 ] ; then\n    # print error to STDERR\n    echo \"error: The sandbox is not in sync with the Podfile.lock. Run 'pod install' or update your CocoaPods installation.\" >&2\n    exit 1\nfi\n# This output is used by Xcode 'outputs' to avoid re-running this script phase.\necho \"SUCCESS\" > \"${SCRIPT_OUTPUT_FILE_0}\"\n";
			showEnvVarsInLog = 0;
		};
		C59DA0FBD6956966B86A3779 /* [CP] Embed Pods Frameworks */ = {
			isa = PBXShellScriptBuildPhase;
			buildActionMask = 2147483647;
			files = (
			);
			inputFileListPaths = (
				"${PODS_ROOT}/Target Support Files/Pods-AppOnSide-AppOnSideTests/Pods-AppOnSide-AppOnSideTests-frameworks-${CONFIGURATION}-input-files.xcfilelist",
			);
			name = "[CP] Embed Pods Frameworks";
			outputFileListPaths = (
				"${PODS_ROOT}/Target Support Files/Pods-AppOnSide-AppOnSideTests/Pods-AppOnSide-AppOnSideTests-frameworks-${CONFIGURATION}-output-files.xcfilelist",
			);
			runOnlyForDeploymentPostprocessing = 0;
			shellPath = /bin/sh;
			shellScript = "\"${PODS_ROOT}/Target Support Files/Pods-AppOnSide-AppOnSideTests/Pods-AppOnSide-AppOnSideTests-frameworks.sh\"\n";
			showEnvVarsInLog = 0;
		};
		E235C05ADACE081382539298 /* [CP] Copy Pods Resources */ = {
			isa = PBXShellScriptBuildPhase;
			buildActionMask = 2147483647;
			files = (
			);
			inputFileListPaths = (
				"${PODS_ROOT}/Target Support Files/Pods-AppOnSide/Pods-AppOnSide-resources-${CONFIGURATION}-input-files.xcfilelist",
			);
			name = "[CP] Copy Pods Resources";
			outputFileListPaths = (
				"${PODS_ROOT}/Target Support Files/Pods-AppOnSide/Pods-AppOnSide-resources-${CONFIGURATION}-output-files.xcfilelist",
			);
			runOnlyForDeploymentPostprocessing = 0;
			shellPath = /bin/sh;
			shellScript = "\"${PODS_ROOT}/Target Support Files/Pods-AppOnSide/Pods-AppOnSide-resources.sh\"\n";
			showEnvVarsInLog = 0;
		};
		F6A41C54EA430FDDC6A6ED99 /* [CP] Copy Pods Resources */ = {
			isa = PBXShellScriptBuildPhase;
			buildActionMask = 2147483647;
			files = (
			);
			inputFileListPaths = (
				"${PODS_ROOT}/Target Support Files/Pods-AppOnSide-AppOnSideTests/Pods-AppOnSide-AppOnSideTests-resources-${CONFIGURATION}-input-files.xcfilelist",
			);
			name = "[CP] Copy Pods Resources";
			outputFileListPaths = (
				"${PODS_ROOT}/Target Support Files/Pods-AppOnSide-AppOnSideTests/Pods-AppOnSide-AppOnSideTests-resources-${CONFIGURATION}-output-files.xcfilelist",
			);
			runOnlyForDeploymentPostprocessing = 0;
			shellPath = /bin/sh;
			shellScript = "\"${PODS_ROOT}/Target Support Files/Pods-AppOnSide-AppOnSideTests/Pods-AppOnSide-AppOnSideTests-resources.sh\"\n";
			showEnvVarsInLog = 0;
		};
		FD10A7F022414F080027D42C /* Start Packager */ = {
			isa = PBXShellScriptBuildPhase;
			buildActionMask = 2147483647;
			files = (
			);
			inputFileListPaths = (
			);
			inputPaths = (
			);
			name = "Start Packager";
			outputFileListPaths = (
			);
			outputPaths = (
			);
			runOnlyForDeploymentPostprocessing = 0;
			shellPath = /bin/sh;
			shellScript = "export RCT_METRO_PORT=\"${RCT_METRO_PORT:=8081}\"\necho \"export RCT_METRO_PORT=${RCT_METRO_PORT}\" > \"${SRCROOT}/../node_modules/react-native/scripts/.packager.env\"\nif [ -z \"${RCT_NO_LAUNCH_PACKAGER+xxx}\" ] ; then\n  if nc -w 5 -z localhost ${RCT_METRO_PORT} ; then\n    if ! curl -s \"http://localhost:${RCT_METRO_PORT}/status\" | grep -q \"packager-status:running\" ; then\n      echo \"Port ${RCT_METRO_PORT} already in use, packager is either not running or not running correctly\"\n      exit 2\n    fi\n  else\n    open \"$SRCROOT/../node_modules/react-native/scripts/launchPackager.command\" || echo \"Can't start packager automatically\"\n  fi\nfi\n";
			showEnvVarsInLog = 0;
		};
/* End PBXShellScriptBuildPhase section */

/* Begin PBXSourcesBuildPhase section */
		00E356EA1AD99517003FC87E /* Sources */ = {
			isa = PBXSourcesBuildPhase;
			buildActionMask = 2147483647;
			files = (
				00E356F31AD99517003FC87E /* AppOnSideTests.m in Sources */,
			);
			runOnlyForDeploymentPostprocessing = 0;
		};
		13B07F871A680F5B00A75B9A /* Sources */ = {
			isa = PBXSourcesBuildPhase;
			buildActionMask = 2147483647;
			files = (
				13B07FBC1A68108700A75B9A /* AppDelegate.mm in Sources */,
				13B07FC11A68108700A75B9A /* main.m in Sources */,
			);
			runOnlyForDeploymentPostprocessing = 0;
		};
/* End PBXSourcesBuildPhase section */

/* Begin PBXTargetDependency section */
		00E356F51AD99517003FC87E /* PBXTargetDependency */ = {
			isa = PBXTargetDependency;
			target = 13B07F861A680F5B00A75B9A /* AppOnSide */;
			targetProxy = 00E356F41AD99517003FC87E /* PBXContainerItemProxy */;
		};
/* End PBXTargetDependency section */

/* Begin XCBuildConfiguration section */
		00E356F61AD99517003FC87E /* Debug */ = {
			isa = XCBuildConfiguration;
			baseConfigurationReference = 5B7EB9410499542E8C5724F5 /* Pods-AppOnSide-AppOnSideTests.debug.xcconfig */;
			buildSettings = {
				BUNDLE_LOADER = "$(TEST_HOST)";
				GCC_PREPROCESSOR_DEFINITIONS = (
					"DEBUG=1",
					"$(inherited)",
				);
				INFOPLIST_FILE = AppOnSideTests/Info.plist;
				IPHONEOS_DEPLOYMENT_TARGET = 12.4;
				LD_RUNPATH_SEARCH_PATHS = (
					"$(inherited)",
					"@executable_path/Frameworks",
					"@loader_path/Frameworks",
				);
				OTHER_LDFLAGS = (
					"-ObjC",
					"-lc++",
					"$(inherited)",
				);
				PRODUCT_BUNDLE_IDENTIFIER = "org.reactjs.native.example.$(PRODUCT_NAME:rfc1034identifier)";
				PRODUCT_NAME = "$(TARGET_NAME)";
				TEST_HOST = "$(BUILT_PRODUCTS_DIR)/AppOnSide.app/AppOnSide";
			};
			name = Debug;
		};
		00E356F71AD99517003FC87E /* Release */ = {
			isa = XCBuildConfiguration;
			baseConfigurationReference = 89C6BE57DB24E9ADA2F236DE /* Pods-AppOnSide-AppOnSideTests.release.xcconfig */;
			buildSettings = {
				BUNDLE_LOADER = "$(TEST_HOST)";
				COPY_PHASE_STRIP = NO;
				INFOPLIST_FILE = AppOnSideTests/Info.plist;
				IPHONEOS_DEPLOYMENT_TARGET = 12.4;
				LD_RUNPATH_SEARCH_PATHS = (
					"$(inherited)",
					"@executable_path/Frameworks",
					"@loader_path/Frameworks",
				);
				OTHER_LDFLAGS = (
					"-ObjC",
					"-lc++",
					"$(inherited)",
				);
				PRODUCT_BUNDLE_IDENTIFIER = "org.reactjs.native.example.$(PRODUCT_NAME:rfc1034identifier)";
				PRODUCT_NAME = "$(TARGET_NAME)";
				TEST_HOST = "$(BUILT_PRODUCTS_DIR)/AppOnSide.app/AppOnSide";
			};
			name = Release;
		};
		13B07F941A680F5B00A75B9A /* Debug */ = {
			isa = XCBuildConfiguration;
			baseConfigurationReference = 3B4392A12AC88292D35C810B /* Pods-AppOnSide.debug.xcconfig */;
			buildSettings = {
				ASSETCATALOG_COMPILER_APPICON_NAME = AppIcon;
				CLANG_ENABLE_MODULES = YES;
				CURRENT_PROJECT_VERSION = 1;
				ENABLE_BITCODE = NO;
				INFOPLIST_FILE = AppOnSide/Info.plist;
				LD_RUNPATH_SEARCH_PATHS = (
					"$(inherited)",
					"@executable_path/Frameworks",
				);
				OTHER_LDFLAGS = (
					"$(inherited)",
					"-ObjC",
					"-lc++",
				);
				PRODUCT_BUNDLE_IDENTIFIER = "org.reactjs.native.example.$(PRODUCT_NAME:rfc1034identifier)";
				PRODUCT_NAME = AppOnSide;
				SWIFT_OPTIMIZATION_LEVEL = "-Onone";
				SWIFT_VERSION = 5.0;
				VERSIONING_SYSTEM = "apple-generic";
			};
			name = Debug;
		};
		13B07F951A680F5B00A75B9A /* Release */ = {
			isa = XCBuildConfiguration;
			baseConfigurationReference = 5709B34CF0A7D63546082F79 /* Pods-AppOnSide.release.xcconfig */;
			buildSettings = {
				ASSETCATALOG_COMPILER_APPICON_NAME = AppIcon;
				CLANG_ENABLE_MODULES = YES;
				CURRENT_PROJECT_VERSION = 1;
				INFOPLIST_FILE = AppOnSide/Info.plist;
				LD_RUNPATH_SEARCH_PATHS = (
					"$(inherited)",
					"@executable_path/Frameworks",
				);
				OTHER_LDFLAGS = (
					"$(inherited)",
					"-ObjC",
					"-lc++",
				);
				PRODUCT_BUNDLE_IDENTIFIER = "org.reactjs.native.example.$(PRODUCT_NAME:rfc1034identifier)";
				PRODUCT_NAME = AppOnSide;
				SWIFT_VERSION = 5.0;
				VERSIONING_SYSTEM = "apple-generic";
			};
			name = Release;
		};
		83CBBA201A601CBA00E9B192 /* Debug */ = {
			isa = XCBuildConfiguration;
			buildSettings = {
				ALWAYS_SEARCH_USER_PATHS = NO;
				CLANG_ANALYZER_LOCALIZABILITY_NONLOCALIZED = YES;
				CLANG_CXX_LANGUAGE_STANDARD = "c++17";
				CLANG_CXX_LIBRARY = "libc++";
				CLANG_ENABLE_MODULES = YES;
				CLANG_ENABLE_OBJC_ARC = YES;
				CLANG_WARN_BLOCK_CAPTURE_AUTORELEASING = YES;
				CLANG_WARN_BOOL_CONVERSION = YES;
				CLANG_WARN_COMMA = YES;
				CLANG_WARN_CONSTANT_CONVERSION = YES;
				CLANG_WARN_DEPRECATED_OBJC_IMPLEMENTATIONS = YES;
				CLANG_WARN_DIRECT_OBJC_ISA_USAGE = YES_ERROR;
				CLANG_WARN_EMPTY_BODY = YES;
				CLANG_WARN_ENUM_CONVERSION = YES;
				CLANG_WARN_INFINITE_RECURSION = YES;
				CLANG_WARN_INT_CONVERSION = YES;
				CLANG_WARN_NON_LITERAL_NULL_CONVERSION = YES;
				CLANG_WARN_OBJC_IMPLICIT_RETAIN_SELF = YES;
				CLANG_WARN_OBJC_LITERAL_CONVERSION = YES;
				CLANG_WARN_OBJC_ROOT_CLASS = YES_ERROR;
				CLANG_WARN_QUOTED_INCLUDE_IN_FRAMEWORK_HEADER = YES;
				CLANG_WARN_RANGE_LOOP_ANALYSIS = YES;
				CLANG_WARN_STRICT_PROTOTYPES = YES;
				CLANG_WARN_SUSPICIOUS_MOVE = YES;
				CLANG_WARN_UNREACHABLE_CODE = YES;
				CLANG_WARN__DUPLICATE_METHOD_MATCH = YES;
				"CODE_SIGN_IDENTITY[sdk=iphoneos*]" = "iPhone Developer";
				COPY_PHASE_STRIP = NO;
				ENABLE_STRICT_OBJC_MSGSEND = YES;
				ENABLE_TESTABILITY = YES;
				"EXCLUDED_ARCHS[sdk=iphonesimulator*]" = "";
				GCC_C_LANGUAGE_STANDARD = gnu99;
				GCC_DYNAMIC_NO_PIC = NO;
				GCC_NO_COMMON_BLOCKS = YES;
				GCC_OPTIMIZATION_LEVEL = 0;
				GCC_PREPROCESSOR_DEFINITIONS = (
					"DEBUG=1",
					"$(inherited)",
				);
				GCC_SYMBOLS_PRIVATE_EXTERN = NO;
				GCC_WARN_64_TO_32_BIT_CONVERSION = YES;
				GCC_WARN_ABOUT_RETURN_TYPE = YES_ERROR;
				GCC_WARN_UNDECLARED_SELECTOR = YES;
				GCC_WARN_UNINITIALIZED_AUTOS = YES_AGGRESSIVE;
				GCC_WARN_UNUSED_FUNCTION = YES;
				GCC_WARN_UNUSED_VARIABLE = YES;
				IPHONEOS_DEPLOYMENT_TARGET = 12.4;
				LD_RUNPATH_SEARCH_PATHS = (
					/usr/lib/swift,
					"$(inherited)",
				);
				LIBRARY_SEARCH_PATHS = (
					"\"$(SDKROOT)/usr/lib/swift\"",
					"\"$(TOOLCHAIN_DIR)/usr/lib/swift/$(PLATFORM_NAME)\"",
					"\"$(inherited)\"",
				);
				MTL_ENABLE_DEBUG_INFO = YES;
				ONLY_ACTIVE_ARCH = YES;
				OTHER_CPLUSPLUSFLAGS = (
					"$(OTHER_CFLAGS)",
					"-DFOLLY_NO_CONFIG",
					"-DFOLLY_MOBILE=1",
					"-DFOLLY_USE_LIBCPP=1",
				);
				SDKROOT = iphoneos;
			};
			name = Debug;
		};
		83CBBA211A601CBA00E9B192 /* Release */ = {
			isa = XCBuildConfiguration;
			buildSettings = {
				ALWAYS_SEARCH_USER_PATHS = NO;
				CLANG_ANALYZER_LOCALIZABILITY_NONLOCALIZED = YES;
				CLANG_CXX_LANGUAGE_STANDARD = "c++17";
				CLANG_CXX_LIBRARY = "libc++";
				CLANG_ENABLE_MODULES = YES;
				CLANG_ENABLE_OBJC_ARC = YES;
				CLANG_WARN_BLOCK_CAPTURE_AUTORELEASING = YES;
				CLANG_WARN_BOOL_CONVERSION = YES;
				CLANG_WARN_COMMA = YES;
				CLANG_WARN_CONSTANT_CONVERSION = YES;
				CLANG_WARN_DEPRECATED_OBJC_IMPLEMENTATIONS = YES;
				CLANG_WARN_DIRECT_OBJC_ISA_USAGE = YES_ERROR;
				CLANG_WARN_EMPTY_BODY = YES;
				CLANG_WARN_ENUM_CONVERSION = YES;
				CLANG_WARN_INFINITE_RECURSION = YES;
				CLANG_WARN_INT_CONVERSION = YES;
				CLANG_WARN_NON_LITERAL_NULL_CONVERSION = YES;
				CLANG_WARN_OBJC_IMPLICIT_RETAIN_SELF = YES;
				CLANG_WARN_OBJC_LITERAL_CONVERSION = YES;
				CLANG_WARN_OBJC_ROOT_CLASS = YES_ERROR;
				CLANG_WARN_QUOTED_INCLUDE_IN_FRAMEWORK_HEADER = YES;
				CLANG_WARN_RANGE_LOOP_ANALYSIS = YES;
				CLANG_WARN_STRICT_PROTOTYPES = YES;
				CLANG_WARN_SUSPICIOUS_MOVE = YES;
				CLANG_WARN_UNREACHABLE_CODE = YES;
				CLANG_WARN__DUPLICATE_METHOD_MATCH = YES;
				"CODE_SIGN_IDENTITY[sdk=iphoneos*]" = "iPhone Developer";
				COPY_PHASE_STRIP = YES;
				ENABLE_NS_ASSERTIONS = NO;
				ENABLE_STRICT_OBJC_MSGSEND = YES;
				"EXCLUDED_ARCHS[sdk=iphonesimulator*]" = "";
				GCC_C_LANGUAGE_STANDARD = gnu99;
				GCC_NO_COMMON_BLOCKS = YES;
				GCC_WARN_64_TO_32_BIT_CONVERSION = YES;
				GCC_WARN_ABOUT_RETURN_TYPE = YES_ERROR;
				GCC_WARN_UNDECLARED_SELECTOR = YES;
				GCC_WARN_UNINITIALIZED_AUTOS = YES_AGGRESSIVE;
				GCC_WARN_UNUSED_FUNCTION = YES;
				GCC_WARN_UNUSED_VARIABLE = YES;
				IPHONEOS_DEPLOYMENT_TARGET = 12.4;
				LD_RUNPATH_SEARCH_PATHS = (
					/usr/lib/swift,
					"$(inherited)",
				);
				LIBRARY_SEARCH_PATHS = (
					"\"$(SDKROOT)/usr/lib/swift\"",
					"\"$(TOOLCHAIN_DIR)/usr/lib/swift/$(PLATFORM_NAME)\"",
					"\"$(inherited)\"",
				);
				MTL_ENABLE_DEBUG_INFO = NO;
				OTHER_CPLUSPLUSFLAGS = (
					"$(OTHER_CFLAGS)",
					"-DFOLLY_NO_CONFIG",
					"-DFOLLY_MOBILE=1",
					"-DFOLLY_USE_LIBCPP=1",
				);
				SDKROOT = iphoneos;
				VALIDATE_PRODUCT = YES;
			};
			name = Release;
		};
/* End XCBuildConfiguration section */

/* Begin XCConfigurationList section */
		00E357021AD99517003FC87E /* Build configuration list for PBXNativeTarget "AppOnSideTests" */ = {
			isa = XCConfigurationList;
			buildConfigurations = (
				00E356F61AD99517003FC87E /* Debug */,
				00E356F71AD99517003FC87E /* Release */,
			);
			defaultConfigurationIsVisible = 0;
			defaultConfigurationName = Release;
		};
		13B07F931A680F5B00A75B9A /* Build configuration list for PBXNativeTarget "AppOnSide" */ = {
			isa = XCConfigurationList;
			buildConfigurations = (
				13B07F941A680F5B00A75B9A /* Debug */,
				13B07F951A680F5B00A75B9A /* Release */,
			);
			defaultConfigurationIsVisible = 0;
			defaultConfigurationName = Release;
		};
		83CBB9FA1A601CBA00E9B192 /* Build configuration list for PBXProject "AppOnSide" */ = {
			isa = XCConfigurationList;
			buildConfigurations = (
				83CBBA201A601CBA00E9B192 /* Debug */,
				83CBBA211A601CBA00E9B192 /* Release */,
			);
			defaultConfigurationIsVisible = 0;
			defaultConfigurationName = Release;
		};
/* End XCConfigurationList section */
	};
	rootObject = 83CBB9F71A601CBA00E9B192 /* Project object */;
}
